
Microsoft Visual Studio Solution File, Format Version 12.00
# Visual Studio 15
VisualStudioVersion = 15.0.26430.13
MinimumVisualStudioVersion = 10.0.40219.1
Project("{888888A0-9F3D-457C-B088-3A5042F75D52}") = "MayaPythonAPIPlugins", "MayaPythonAPIPlugins\MayaPythonAPIPlugins.pyproj", "{F13E76F6-92C3-4EA5-9CE8-9DF4CA2C259A}"
EndProject
Global
	GlobalSection(SolutionConfigurationPlatforms) = preSolution
		Debug|Any CPU = Debug|Any CPU
		Release|Any CPU = Release|Any CPU
	EndGlobalSection
	GlobalSection(ProjectConfigurationPlatforms) = postSolution
		{F13E76F6-92C3-4EA5-9CE8-9DF4CA2C259A}.Debug|Any CPU.ActiveCfg = Debug|Any CPU
		{F13E76F6-92C3-4EA5-9CE8-9DF4CA2C259A}.Release|Any CPU.ActiveCfg = Release|Any CPU
	EndGlobalSection
	GlobalSection(SolutionProperties) = preSolution
		HideSolutionNode = FALSE
	EndGlobalSection
EndGlobal
